// !$*UTF8*$!
{
	archiveVersion = 1;
	classes = {
	};
	objectVersion = 46;
	objects = {

/* Begin PBXBuildFile section */
		10A414AE1F629E5E00E642E8 /* AppDelegate.swift in Sources */ = {isa = PBXBuildFile; fileRef = 10A414AD1F629E5E00E642E8 /* AppDelegate.swift */; };
		10A414B01F629E5E00E642E8 /* ViewController.swift in Sources */ = {isa = PBXBuildFile; fileRef = 10A414AF1F629E5E00E642E8 /* ViewController.swift */; };
		10A414B31F629E5E00E642E8 /* Main.storyboard in Resources */ = {isa = PBXBuildFile; fileRef = 10A414B11F629E5E00E642E8 /* Main.storyboard */; };
		10A414B51F629E5E00E642E8 /* Assets.xcassets in Resources */ = {isa = PBXBuildFile; fileRef = 10A414B41F629E5E00E642E8 /* Assets.xcassets */; };
		10A414B81F629E5E00E642E8 /* LaunchScreen.storyboard in Resources */ = {isa = PBXBuildFile; fileRef = 10A414B61F629E5E00E642E8 /* LaunchScreen.storyboard */; };
		10A414D01F63F77500E642E8 /* CollectionViewController.swift in Sources */ = {isa = PBXBuildFile; fileRef = 10A414CF1F63F77500E642E8 /* CollectionViewController.swift */; };
		10A414D21F63F77E00E642E8 /* CollectionViewCell.swift in Sources */ = {isa = PBXBuildFile; fileRef = 10A414D11F63F77E00E642E8 /* CollectionViewCell.swift */; };
		10A414D41F63F7A100E642E8 /* ExampleViewController.swift in Sources */ = {isa = PBXBuildFile; fileRef = 10A414D31F63F7A100E642E8 /* ExampleViewController.swift */; };
/* End PBXBuildFile section */

/* Begin PBXFileReference section */
		10A414AA1F629E5E00E642E8 /* example.app */ = {isa = PBXFileReference; explicitFileType = wrapper.application; includeInIndex = 0; path = example.app; sourceTree = BUILT_PRODUCTS_DIR; };
		10A414AD1F629E5E00E642E8 /* AppDelegate.swift */ = {isa = PBXFileReference; lastKnownFileType = sourcecode.swift; path = AppDelegate.swift; sourceTree = "<group>"; };
		10A414AF1F629E5E00E642E8 /* ViewController.swift */ = {isa = PBXFileReference; lastKnownFileType = sourcecode.swift; path = ViewController.swift; sourceTree = "<group>"; };
		10A414B21F629E5E00E642E8 /* Base */ = {isa = PBXFileReference; lastKnownFileType = file.storyboard; name = Base; path = Base.lproj/Main.storyboard; sourceTree = "<group>"; };
		10A414B41F629E5E00E642E8 /* Assets.xcassets */ = {isa = PBXFileReference; lastKnownFileType = folder.assetcatalog; path = Assets.xcassets; sourceTree = "<group>"; };
		10A414B71F629E5E00E642E8 /* Base */ = {isa = PBXFileReference; lastKnownFileType = file.storyboard; name = Base; path = Base.lproj/LaunchScreen.storyboard; sourceTree = "<group>"; };
		10A414B91F629E5E00E642E8 /* Info.plist */ = {isa = PBXFileReference; lastKnownFileType = text.plist.xml; path = Info.plist; sourceTree = "<group>"; };
		10A414CF1F63F77500E642E8 /* CollectionViewController.swift */ = {isa = PBXFileReference; fileEncoding = 4; lastKnownFileType = sourcecode.swift; path = CollectionViewController.swift; sourceTree = "<group>"; };
		10A414D11F63F77E00E642E8 /* CollectionViewCell.swift */ = {isa = PBXFileReference; fileEncoding = 4; lastKnownFileType = sourcecode.swift; path = CollectionViewCell.swift; sourceTree = "<group>"; };
		10A414D31F63F7A100E642E8 /* ExampleViewController.swift */ = {isa = PBXFileReference; fileEncoding = 4; lastKnownFileType = sourcecode.swift; path = ExampleViewController.swift; sourceTree = "<group>"; };
/* End PBXFileReference section */

/* Begin PBXFrameworksBuildPhase section */
		10A414A71F629E5E00E642E8 /* Frameworks */ = {
			isa = PBXFrameworksBuildPhase;
			buildActionMask = 2147483647;
			files = (
			);
			runOnlyForDeploymentPostprocessing = 0;
		};
/* End PBXFrameworksBuildPhase section */

/* Begin PBXGroup section */
		10A414A11F629E5E00E642E8 = {
			isa = PBXGroup;
			children = (
				10A414AC1F629E5E00E642E8 /* example */,
				10A414AB1F629E5E00E642E8 /* Products */,
			);
			sourceTree = "<group>";
		};
		10A414AB1F629E5E00E642E8 /* Products */ = {
			isa = PBXGroup;
			children = (
				10A414AA1F629E5E00E642E8 /* example.app */,
			);
			name = Products;
			sourceTree = "<group>";
		};
		10A414AC1F629E5E00E642E8 /* example */ = {
			isa = PBXGroup;
			children = (
				10A414AD1F629E5E00E642E8 /* AppDelegate.swift */,
				10A414AF1F629E5E00E642E8 /* ViewController.swift */,
				10A414B11F629E5E00E642E8 /* Main.storyboard */,
				10A414D31F63F7A100E642E8 /* ExampleViewController.swift */,
				10A414CF1F63F77500E642E8 /* CollectionViewController.swift */,
				10A414D11F63F77E00E642E8 /* CollectionViewCell.swift */,
				10A414B41F629E5E00E642E8 /* Assets.xcassets */,
				10A414B61F629E5E00E642E8 /* LaunchScreen.storyboard */,
				10A414B91F629E5E00E642E8 /* Info.plist */,
			);
			path = example;
			sourceTree = "<group>";
		};
/* End PBXGroup section */

/* Begin PBXNativeTarget section */
		10A414A91F629E5E00E642E8 /* example */ = {
			isa = PBXNativeTarget;
			buildConfigurationList = 10A414BC1F629E5E00E642E8 /* Build configuration list for PBXNativeTarget "example" */;
			buildPhases = (
				10A414A61F629E5E00E642E8 /* Sources */,
				10A414A71F629E5E00E642E8 /* Frameworks */,
				10A414A81F629E5E00E642E8 /* Resources */,
			);
			buildRules = (
			);
			dependencies = (
			);
			name = example;
			productName = example;
			productReference = 10A414AA1F629E5E00E642E8 /* example.app */;
			productType = "com.apple.product-type.application";
		};
/* End PBXNativeTarget section */

/* Begin PBXProject section */
		10A414A21F629E5E00E642E8 /* Project object */ = {
			isa = PBXProject;
			attributes = {
				LastSwiftUpdateCheck = 0830;
				LastUpgradeCheck = 0830;
				ORGANIZATIONNAME = sri;
				TargetAttributes = {
					10A414A91F629E5E00E642E8 = {
						CreatedOnToolsVersion = 8.3.2;
						ProvisioningStyle = Automatic;
					};
				};
			};
			buildConfigurationList = 10A414A51F629E5E00E642E8 /* Build configuration list for PBXProject "example" */;
			compatibilityVersion = "Xcode 3.2";
			developmentRegion = English;
			hasScannedForEncodings = 0;
			knownRegions = (
				en,
				Base,
			);
			mainGroup = 10A414A11F629E5E00E642E8;
			productRefGroup = 10A414AB1F629E5E00E642E8 /* Products */;
			projectDirPath = "";
			projectRoot = "";
			targets = (
				10A414A91F629E5E00E642E8 /* example */,
			);
		};
/* End PBXProject section */

/* Begin PBXResourcesBuildPhase section */
		10A414A81F629E5E00E642E8 /* Resources */ = {
			isa = PBXResourcesBuildPhase;
			buildActionMask = 2147483647;
			files = (
				10A414B81F629E5E00E642E8 /* LaunchScreen.storyboard in Resources */,
				10A414B51F629E5E00E642E8 /* Assets.xcassets in Resources */,
				10A414B31F629E5E00E642E8 /* Main.storyboard in Resources */,
			);
			runOnlyForDeploymentPostprocessing = 0;
		};
/* End PBXResourcesBuildPhase section */

/* Begin PBXSourcesBuildPhase section */
		10A414A61F629E5E00E642E8 /* Sources */ = {
			isa = PBXSourcesBuildPhase;
			buildActionMask = 2147483647;
			files = (
				10A414D01F63F77500E642E8 /* CollectionViewController.swift in Sources */,
				10A414B01F629E5E00E642E8 /* ViewController.swift in Sources */,
				10A414D21F63F77E00E642E8 /* CollectionViewCell.swift in Sources */,
				10A414AE1F629E5E00E642E8 /* AppDelegate.swift in Sources */,
				10A414D41F63F7A100E642E8 /* ExampleViewController.swift in Sources */,
			);
			runOnlyForDeploymentPostprocessing = 0;
		};
/* End PBXSourcesBuildPhase section */

/* Begin PBXVariantGroup section */
		10A414B11F629E5E00E642E8 /* Main.storyboard */ = {
			isa = PBXVariantGroup;
			children = (
				10A414B21F629E5E00E642E8 /* Base */,
			);
			name = Main.storyboard;
			sourceTree = "<group>";
		};
		10A414B61F629E5E00E642E8 /* LaunchScreen.storyboard */ = {
			isa = PBXVariantGroup;
			children = (
				10A414B71F629E5E00E642E8 /* Base */,
			);
			name = LaunchScreen.storyboard;
			sourceTree = "<group>";
		};
/* End PBXVariantGroup section */

/* Begin XCBuildConfiguration section */
		10A414BA1F629E5E00E642E8 /* Debug */ = {
			isa = XCBuildConfiguration;
			buildSettings = {
				ALWAYS_SEARCH_USER_PATHS = NO;
				CLANG_ANALYZER_NONNULL = YES;
				CLANG_ANALYZER_NUMBER_OBJECT_CONVERSION = YES_AGGRESSIVE;
				CLANG_CXX_LANGUAGE_STANDARD = "gnu++0x";
				CLANG_CXX_LIBRARY = "libc++";
				CLANG_ENABLE_MODULES = YES;
				CLANG_ENABLE_OBJC_ARC = YES;
				CLANG_WARN_BOOL_CONVERSION = YES;
				CLANG_WARN_CONSTANT_CONVERSION = YES;
				CLANG_WARN_DIRECT_OBJC_ISA_USAGE = YES_ERROR;
				CLANG_WARN_DOCUMENTATION_COMMENTS = YES;
				CLANG_WARN_EMPTY_BODY = YES;
				CLANG_WARN_ENUM_CONVERSION = YES;
				CLANG_WARN_INFINITE_RECURSION = YES;
				CLANG_WARN_INT_CONVERSION = YES;
				CLANG_WARN_OBJC_ROOT_CLASS = YES_ERROR;
				CLANG_WARN_SUSPICIOUS_MOVE = YES;
				CLANG_WARN_UNREACHABLE_CODE = YES;
				CLANG_WARN__DUPLICATE_METHOD_MATCH = YES;
				"CODE_SIGN_IDENTITY[sdk=iphoneos*]" = "iPhone Developer";
				COPY_PHASE_STRIP = NO;
				DEBUG_INFORMATION_FORMAT = dwarf;
				ENABLE_STRICT_OBJC_MSGSEND = YES;
				ENABLE_TESTABILITY = YES;
				GCC_C_LANGUAGE_STANDARD = gnu99;
				GCC_DYNAMIC_NO_PIC = NO;
				GCC_NO_COMMON_BLOCKS = YES;
				GCC_OPTIMIZATION_LEVEL = 0;
				GCC_PREPROCESSOR_DEFINITIONS = (
					"DEBUG=1",
					"$(inherited)",
				);
				GCC_WARN_64_TO_32_BIT_CONVERSION = YES;
				GCC_WARN_ABOUT_RETURN_TYPE = YES_ERROR;
				GCC_WARN_UNDECLARED_SELECTOR = YES;
				GCC_WARN_UNINITIALIZED_AUTOS = YES_AGGRESSIVE;
				GCC_WARN_UNUSED_FUNCTION = YES;
				GCC_WARN_UNUSED_VARIABLE = YES;
				IPHONEOS_DEPLOYMENT_TARGET = 10.3;
				MTL_ENABLE_DEBUG_INFO = YES;
				ONLY_ACTIVE_ARCH = YES;
				SDKROOT = iphoneos;
				SWIFT_ACTIVE_COMPILATION_CONDITIONS = DEBUG;
				SWIFT_OPTIMIZATION_LEVEL = "-Onone";
				TARGETED_DEVICE_FAMILY = "1,2";
			};
			name = Debug;
		};
		10A414BB1F629E5E00E642E8 /* Release */ = {
			isa = XCBuildConfiguration;
			buildSettings = {
				ALWAYS_SEARCH_USER_PATHS = NO;
				CLANG_ANALYZER_NONNULL = YES;
				CLANG_ANALYZER_NUMBER_OBJECT_CONVERSION = YES_AGGRESSIVE;
				CLANG_CXX_LANGUAGE_STANDARD = "gnu++0x";
				CLANG_CXX_LIBRARY = "libc++";
				CLANG_ENABLE_MODULES = YES;
				CLANG_ENABLE_OBJC_ARC = YES;
				CLANG_WARN_BOOL_CONVERSION = YES;
				CLANG_WARN_CONSTANT_CONVERSION = YES;
				CLANG_WARN_DIRECT_OBJC_ISA_USAGE = YES_ERROR;
				CLANG_WARN_DOCUMENTATION_COMMENTS = YES;
				CLANG_WARN_EMPTY_BODY = YES;
				CLANG_WARN_ENUM_CONVERSION = YES;
				CLANG_WARN_INFINITE_RECURSION = YES;
				CLANG_WARN_INT_CONVERSION = YES;
				CLANG_WARN_OBJC_ROOT_CLASS = YES_ERROR;
				CLANG_WARN_SUSPICIOUS_MOVE = YES;
				CLANG_WARN_UNREACHABLE_CODE = YES;
				CLANG_WARN__DUPLICATE_METHOD_MATCH = YES;
				"CODE_SIGN_IDENTITY[sdk=iphoneos*]" = "iPhone Developer";
				COPY_PHASE_STRIP = NO;
				DEBUG_INFORMATION_FORMAT = "dwarf-with-dsym";
				ENABLE_NS_ASSERTIONS = NO;
				ENABLE_STRICT_OBJC_MSGSEND = YES;
				GCC_C_LANGUAGE_STANDARD = gnu99;
				GCC_NO_COMMON_BLOCKS = YES;
				GCC_WARN_64_TO_32_BIT_CONVERSION = YES;
				GCC_WARN_ABOUT_RETURN_TYPE = YES_ERROR;
				GCC_WARN_UNDECLARED_SELECTOR = YES;
				GCC_WARN_UNINITIALIZED_AUTOS = YES_AGGRESSIVE;
				GCC_WARN_UNUSED_FUNCTION = YES;
				GCC_WARN_UNUSED_VARIABLE = YES;
				IPHONEOS_DEPLOYMENT_TARGET = 10.3;
				MTL_ENABLE_DEBUG_INFO = NO;
				SDKROOT = iphoneos;
				SWIFT_OPTIMIZATION_LEVEL = "-Owholemodule";
				TARGETED_DEVICE_FAMILY = "1,2";
				VALIDATE_PRODUCT = YES;
			};
			name = Release;
		};
		10A414BD1F629E5E00E642E8 /* Debug */ = {
			isa = XCBuildConfiguration;
			buildSettings = {
				ASSETCATALOG_COMPILER_APPICON_NAME = AppIcon;
				INFOPLIST_FILE = example/Info.plist;
				LD_RUNPATH_SEARCH_PATHS = "$(inherited) @executable_path/Frameworks";
				PRODUCT_BUNDLE_IDENTIFIER = Bhavani.example;
				PRODUCT_NAME = "$(TARGET_NAME)";
				SWIFT_VERSION = 3.0;
			};
			name = Debug;
		};
		10A414BE1F629E5E00E642E8 /* Release */ = {
			isa = XCBuildConfiguration;
			buildSettings = {
				ASSETCATALOG_COMPILER_APPICON_NAME = AppIcon;
				INFOPLIST_FILE = example/Info.plist;
				LD_RUNPATH_SEARCH_PATHS = "$(inherited) @executable_path/Frameworks";
				PRODUCT_BUNDLE_IDENTIFIER = Bhavani.example;
				PRODUCT_NAME = "$(TARGET_NAME)";
				SWIFT_VERSION = 3.0;
			};
			name = Release;
		};
/* End XCBuildConfiguration section */

/* Begin XCConfigurationList section */
		10A414A51F629E5E00E642E8 /* Build configuration list for PBXProject "example" */ = {
			isa = XCConfigurationList;
			buildConfigurations = (
				10A414BA1F629E5E00E642E8 /* Debug */,
				10A414BB1F629E5E00E642E8 /* Release */,
			);
			defaultConfigurationIsVisible = 0;
			defaultConfigurationName = Release;
		};
		10A414BC1F629E5E00E642E8 /* Build configuration list for PBXNativeTarget "example" */ = {
			isa = XCConfigurationList;
			buildConfigurations = (
				10A414BD1F629E5E00E642E8 /* Debug */,
				10A414BE1F629E5E00E642E8 /* Release */,
			);
			defaultConfigurationIsVisible = 0;
			defaultConfigurationName = Release;
		};
/* End XCConfigurationList section */
	};
	rootObject = 10A414A21F629E5E00E642E8 /* Project object */;
}
